// !$*UTF8*$!
{
	archiveVersion = 1;
	classes = {
	};
	objectVersion = 56;
	objects = {

/* Begin PBXBuildFile section */
		9B3FDD632B14E784008EC7F4 /* AppDelegate.swift in Sources */ = {isa = PBXBuildFile; fileRef = 9B3FDD622B14E784008EC7F4 /* AppDelegate.swift */; };
		9B3FDD652B14E784008EC7F4 /* SceneDelegate.swift in Sources */ = {isa = PBXBuildFile; fileRef = 9B3FDD642B14E784008EC7F4 /* SceneDelegate.swift */; };
		9B3FDD672B14E784008EC7F4 /* MainViewController.swift in Sources */ = {isa = PBXBuildFile; fileRef = 9B3FDD662B14E784008EC7F4 /* MainViewController.swift */; };
		9B3FDD6A2B14E784008EC7F4 /* Main.storyboard in Resources */ = {isa = PBXBuildFile; fileRef = 9B3FDD682B14E784008EC7F4 /* Main.storyboard */; };
		9B3FDD6C2B14E784008EC7F4 /* Assets.xcassets in Resources */ = {isa = PBXBuildFile; fileRef = 9B3FDD6B2B14E784008EC7F4 /* Assets.xcassets */; };
		9B3FDD6F2B14E784008EC7F4 /* LaunchScreen.storyboard in Resources */ = {isa = PBXBuildFile; fileRef = 9B3FDD6D2B14E784008EC7F4 /* LaunchScreen.storyboard */; };
		9B3FDD7D2B14E7A6008EC7F4 /* Module_11_practicumTests.swift in Sources */ = {isa = PBXBuildFile; fileRef = 9B3FDD7C2B14E7A6008EC7F4 /* Module_11_practicumTests.swift */; };
		9B3FDD842B14E812008EC7F4 /* MainViewRepository.swift in Sources */ = {isa = PBXBuildFile; fileRef = 9B3FDD832B14E812008EC7F4 /* MainViewRepository.swift */; };
		9B3FDD8B2B14EB16008EC7F4 /* MainRepository.swift in Sources */ = {isa = PBXBuildFile; fileRef = 9B3FDD8A2B14EB16008EC7F4 /* MainRepository.swift */; };
/* End PBXBuildFile section */

/* Begin PBXContainerItemProxy section */
		9B3FDD7E2B14E7A6008EC7F4 /* PBXContainerItemProxy */ = {
			isa = PBXContainerItemProxy;
			containerPortal = 9B3FDD572B14E784008EC7F4 /* Project object */;
			proxyType = 1;
			remoteGlobalIDString = 9B3FDD5E2B14E784008EC7F4;
			remoteInfo = Module_11_practicum;
		};
/* End PBXContainerItemProxy section */

/* Begin PBXFileReference section */
		9B3FDD5F2B14E784008EC7F4 /* Practicum_11.app */ = {isa = PBXFileReference; explicitFileType = wrapper.application; includeInIndex = 0; path = Practicum_11.app; sourceTree = BUILT_PRODUCTS_DIR; };
		9B3FDD622B14E784008EC7F4 /* AppDelegate.swift */ = {isa = PBXFileReference; lastKnownFileType = sourcecode.swift; path = AppDelegate.swift; sourceTree = "<group>"; };
		9B3FDD642B14E784008EC7F4 /* SceneDelegate.swift */ = {isa = PBXFileReference; lastKnownFileType = sourcecode.swift; path = SceneDelegate.swift; sourceTree = "<group>"; };
		9B3FDD662B14E784008EC7F4 /* MainViewController.swift */ = {isa = PBXFileReference; lastKnownFileType = sourcecode.swift; path = MainViewController.swift; sourceTree = "<group>"; };
		9B3FDD692B14E784008EC7F4 /* Base */ = {isa = PBXFileReference; lastKnownFileType = file.storyboard; name = Base; path = Base.lproj/Main.storyboard; sourceTree = "<group>"; };
		9B3FDD6B2B14E784008EC7F4 /* Assets.xcassets */ = {isa = PBXFileReference; lastKnownFileType = folder.assetcatalog; path = Assets.xcassets; sourceTree = "<group>"; };
		9B3FDD6E2B14E784008EC7F4 /* Base */ = {isa = PBXFileReference; lastKnownFileType = file.storyboard; name = Base; path = Base.lproj/LaunchScreen.storyboard; sourceTree = "<group>"; };
		9B3FDD702B14E784008EC7F4 /* Info.plist */ = {isa = PBXFileReference; lastKnownFileType = text.plist.xml; path = Info.plist; sourceTree = "<group>"; };
		9B3FDD7A2B14E7A6008EC7F4 /* Practicum_11Tests.xctest */ = {isa = PBXFileReference; explicitFileType = wrapper.cfbundle; includeInIndex = 0; path = Practicum_11Tests.xctest; sourceTree = BUILT_PRODUCTS_DIR; };
		9B3FDD7C2B14E7A6008EC7F4 /* Module_11_practicumTests.swift */ = {isa = PBXFileReference; lastKnownFileType = sourcecode.swift; path = Module_11_practicumTests.swift; sourceTree = "<group>"; };
		9B3FDD832B14E812008EC7F4 /* MainViewRepository.swift */ = {isa = PBXFileReference; lastKnownFileType = sourcecode.swift; path = MainViewRepository.swift; sourceTree = "<group>"; };
		9B3FDD8A2B14EB16008EC7F4 /* MainRepository.swift */ = {isa = PBXFileReference; lastKnownFileType = sourcecode.swift; path = MainRepository.swift; sourceTree = "<group>"; };
/* End PBXFileReference section */

/* Begin PBXFrameworksBuildPhase section */
		9B3FDD5C2B14E784008EC7F4 /* Frameworks */ = {
			isa = PBXFrameworksBuildPhase;
			buildActionMask = 2147483647;
			files = (
			);
			runOnlyForDeploymentPostprocessing = 0;
		};
		9B3FDD772B14E7A6008EC7F4 /* Frameworks */ = {
			isa = PBXFrameworksBuildPhase;
			buildActionMask = 2147483647;
			files = (
			);
			runOnlyForDeploymentPostprocessing = 0;
		};
/* End PBXFrameworksBuildPhase section */

/* Begin PBXGroup section */
		9B3FDD562B14E784008EC7F4 = {
			isa = PBXGroup;
			children = (
				9B3FDD612B14E784008EC7F4 /* Practicum_11 */,
				9B3FDD7B2B14E7A6008EC7F4 /* Practicum_11Tests */,
				9B3FDD602B14E784008EC7F4 /* Products */,
			);
			sourceTree = "<group>";
		};
		9B3FDD602B14E784008EC7F4 /* Products */ = {
			isa = PBXGroup;
			children = (
				9B3FDD5F2B14E784008EC7F4 /* Practicum_11.app */,
				9B3FDD7A2B14E7A6008EC7F4 /* Practicum_11Tests.xctest */,
			);
			name = Products;
			sourceTree = "<group>";
		};
		9B3FDD612B14E784008EC7F4 /* Practicum_11 */ = {
			isa = PBXGroup;
			children = (
				9B3FDD852B14E82A008EC7F4 /* Main */,
				9B3FDD622B14E784008EC7F4 /* AppDelegate.swift */,
				9B3FDD642B14E784008EC7F4 /* SceneDelegate.swift */,
				9B3FDD682B14E784008EC7F4 /* Main.storyboard */,
				9B3FDD6B2B14E784008EC7F4 /* Assets.xcassets */,
				9B3FDD6D2B14E784008EC7F4 /* LaunchScreen.storyboard */,
				9B3FDD702B14E784008EC7F4 /* Info.plist */,
				9B3FDD832B14E812008EC7F4 /* MainViewRepository.swift */,
			);
			path = Practicum_11;
			sourceTree = "<group>";
		};
		9B3FDD7B2B14E7A6008EC7F4 /* Practicum_11Tests */ = {
			isa = PBXGroup;
			children = (
				9B3FDD7C2B14E7A6008EC7F4 /* Module_11_practicumTests.swift */,
			);
			path = Practicum_11Tests;
			sourceTree = "<group>";
		};
		9B3FDD852B14E82A008EC7F4 /* Main */ = {
			isa = PBXGroup;
			children = (
				9B3FDD662B14E784008EC7F4 /* MainViewController.swift */,
				9B3FDD8A2B14EB16008EC7F4 /* MainRepository.swift */,
			);
			path = Main;
			sourceTree = "<group>";
		};
/* End PBXGroup section */

/* Begin PBXNativeTarget section */
		9B3FDD5E2B14E784008EC7F4 /* Practicum_11 */ = {
			isa = PBXNativeTarget;
			buildConfigurationList = 9B3FDD732B14E784008EC7F4 /* Build configuration list for PBXNativeTarget "Practicum_11" */;
			buildPhases = (
				9B3FDD5B2B14E784008EC7F4 /* Sources */,
				9B3FDD5C2B14E784008EC7F4 /* Frameworks */,
				9B3FDD5D2B14E784008EC7F4 /* Resources */,
			);
			buildRules = (
			);
			dependencies = (
			);
			name = Practicum_11;
			productName = Module_11_practicum;
			productReference = 9B3FDD5F2B14E784008EC7F4 /* Practicum_11.app */;
			productType = "com.apple.product-type.application";
		};
		9B3FDD792B14E7A6008EC7F4 /* Practicum_11Tests */ = {
			isa = PBXNativeTarget;
			buildConfigurationList = 9B3FDD802B14E7A6008EC7F4 /* Build configuration list for PBXNativeTarget "Practicum_11Tests" */;
			buildPhases = (
				9B3FDD762B14E7A6008EC7F4 /* Sources */,
				9B3FDD772B14E7A6008EC7F4 /* Frameworks */,
				9B3FDD782B14E7A6008EC7F4 /* Resources */,
			);
			buildRules = (
			);
			dependencies = (
				9B3FDD7F2B14E7A6008EC7F4 /* PBXTargetDependency */,
			);
			name = Practicum_11Tests;
			productName = Module_11_practicumTests;
			productReference = 9B3FDD7A2B14E7A6008EC7F4 /* Practicum_11Tests.xctest */;
			productType = "com.apple.product-type.bundle.unit-test";
		};
/* End PBXNativeTarget section */

/* Begin PBXProject section */
		9B3FDD572B14E784008EC7F4 /* Project object */ = {
			isa = PBXProject;
			attributes = {
				BuildIndependentTargetsInParallel = 1;
				LastSwiftUpdateCheck = 1500;
				LastUpgradeCheck = 1500;
				TargetAttributes = {
					9B3FDD5E2B14E784008EC7F4 = {
						CreatedOnToolsVersion = 15.0.1;
					};
					9B3FDD792B14E7A6008EC7F4 = {
						CreatedOnToolsVersion = 15.0.1;
						TestTargetID = 9B3FDD5E2B14E784008EC7F4;
					};
				};
			};
			buildConfigurationList = 9B3FDD5A2B14E784008EC7F4 /* Build configuration list for PBXProject "Practicum_11" */;
			compatibilityVersion = "Xcode 14.0";
			developmentRegion = en;
			hasScannedForEncodings = 0;
			knownRegions = (
				en,
				Base,
			);
			mainGroup = 9B3FDD562B14E784008EC7F4;
			productRefGroup = 9B3FDD602B14E784008EC7F4 /* Products */;
			projectDirPath = "";
			projectRoot = "";
			targets = (
				9B3FDD5E2B14E784008EC7F4 /* Practicum_11 */,
				9B3FDD792B14E7A6008EC7F4 /* Practicum_11Tests */,
			);
		};
/* End PBXProject section */

/* Begin PBXResourcesBuildPhase section */
		9B3FDD5D2B14E784008EC7F4 /* Resources */ = {
			isa = PBXResourcesBuildPhase;
			buildActionMask = 2147483647;
			files = (
				9B3FDD6F2B14E784008EC7F4 /* LaunchScreen.storyboard in Resources */,
				9B3FDD6C2B14E784008EC7F4 /* Assets.xcassets in Resources */,
				9B3FDD6A2B14E784008EC7F4 /* Main.storyboard in Resources */,
			);
			runOnlyForDeploymentPostprocessing = 0;
		};
		9B3FDD782B14E7A6008EC7F4 /* Resources */ = {
			isa = PBXResourcesBuildPhase;
			buildActionMask = 2147483647;
			files = (
			);
			runOnlyForDeploymentPostprocessing = 0;
		};
/* End PBXResourcesBuildPhase section */

/* Begin PBXSourcesBuildPhase section */
		9B3FDD5B2B14E784008EC7F4 /* Sources */ = {
			isa = PBXSourcesBuildPhase;
			buildActionMask = 2147483647;
			files = (
				9B3FDD672B14E784008EC7F4 /* MainViewController.swift in Sources */,
				9B3FDD8B2B14EB16008EC7F4 /* MainRepository.swift in Sources */,
				9B3FDD632B14E784008EC7F4 /* AppDelegate.swift in Sources */,
				9B3FDD652B14E784008EC7F4 /* SceneDelegate.swift in Sources */,
				9B3FDD842B14E812008EC7F4 /* MainViewRepository.swift in Sources */,
			);
			runOnlyForDeploymentPostprocessing = 0;
		};
		9B3FDD762B14E7A6008EC7F4 /* Sources */ = {
			isa = PBXSourcesBuildPhase;
			buildActionMask = 2147483647;
			files = (
				9B3FDD7D2B14E7A6008EC7F4 /* Module_11_practicumTests.swift in Sources */,
			);
			runOnlyForDeploymentPostprocessing = 0;
		};
/* End PBXSourcesBuildPhase section */

/* Begin PBXTargetDependency section */
		9B3FDD7F2B14E7A6008EC7F4 /* PBXTargetDependency */ = {
			isa = PBXTargetDependency;
			target = 9B3FDD5E2B14E784008EC7F4 /* Practicum_11 */;
			targetProxy = 9B3FDD7E2B14E7A6008EC7F4 /* PBXContainerItemProxy */;
		};
/* End PBXTargetDependency section */

/* Begin PBXVariantGroup section */
		9B3FDD682B14E784008EC7F4 /* Main.storyboard */ = {
			isa = PBXVariantGroup;
			children = (
				9B3FDD692B14E784008EC7F4 /* Base */,
			);
			name = Main.storyboard;
			sourceTree = "<group>";
		};
		9B3FDD6D2B14E784008EC7F4 /* LaunchScreen.storyboard */ = {
			isa = PBXVariantGroup;
			children = (
				9B3FDD6E2B14E784008EC7F4 /* Base */,
			);
			name = LaunchScreen.storyboard;
			sourceTree = "<group>";
		};
/* End PBXVariantGroup section */

/* Begin XCBuildConfiguration section */
		9B3FDD712B14E784008EC7F4 /* Debug */ = {
			isa = XCBuildConfiguration;
			buildSettings = {
				ALWAYS_SEARCH_USER_PATHS = NO;
				ASSETCATALOG_COMPILER_GENERATE_SWIFT_ASSET_SYMBOL_EXTENSIONS = YES;
				CLANG_ANALYZER_NONNULL = YES;
				CLANG_ANALYZER_NUMBER_OBJECT_CONVERSION = YES_AGGRESSIVE;
				CLANG_CXX_LANGUAGE_STANDARD = "gnu++20";
				CLANG_ENABLE_MODULES = YES;
				CLANG_ENABLE_OBJC_ARC = YES;
				CLANG_ENABLE_OBJC_WEAK = YES;
				CLANG_WARN_BLOCK_CAPTURE_AUTORELEASING = YES;
				CLANG_WARN_BOOL_CONVERSION = YES;
				CLANG_WARN_COMMA = YES;
				CLANG_WARN_CONSTANT_CONVERSION = YES;
				CLANG_WARN_DEPRECATED_OBJC_IMPLEMENTATIONS = YES;
				CLANG_WARN_DIRECT_OBJC_ISA_USAGE = YES_ERROR;
				CLANG_WARN_DOCUMENTATION_COMMENTS = YES;
				CLANG_WARN_EMPTY_BODY = YES;
				CLANG_WARN_ENUM_CONVERSION = YES;
				CLANG_WARN_INFINITE_RECURSION = YES;
				CLANG_WARN_INT_CONVERSION = YES;
				CLANG_WARN_NON_LITERAL_NULL_CONVERSION = YES;
				CLANG_WARN_OBJC_IMPLICIT_RETAIN_SELF = YES;
				CLANG_WARN_OBJC_LITERAL_CONVERSION = YES;
				CLANG_WARN_OBJC_ROOT_CLASS = YES_ERROR;
				CLANG_WARN_QUOTED_INCLUDE_IN_FRAMEWORK_HEADER = YES;
				CLANG_WARN_RANGE_LOOP_ANALYSIS = YES;
				CLANG_WARN_STRICT_PROTOTYPES = YES;
				CLANG_WARN_SUSPICIOUS_MOVE = YES;
				CLANG_WARN_UNGUARDED_AVAILABILITY = YES_AGGRESSIVE;
				CLANG_WARN_UNREACHABLE_CODE = YES;
				CLANG_WARN__DUPLICATE_METHOD_MATCH = YES;
				COPY_PHASE_STRIP = NO;
				DEBUG_INFORMATION_FORMAT = dwarf;
				ENABLE_STRICT_OBJC_MSGSEND = YES;
				ENABLE_TESTABILITY = YES;
				ENABLE_USER_SCRIPT_SANDBOXING = YES;
				GCC_C_LANGUAGE_STANDARD = gnu17;
				GCC_DYNAMIC_NO_PIC = NO;
				GCC_NO_COMMON_BLOCKS = YES;
				GCC_OPTIMIZATION_LEVEL = 0;
				GCC_PREPROCESSOR_DEFINITIONS = (
					"DEBUG=1",
					"$(inherited)",
				);
				GCC_WARN_64_TO_32_BIT_CONVERSION = YES;
				GCC_WARN_ABOUT_RETURN_TYPE = YES_ERROR;
				GCC_WARN_UNDECLARED_SELECTOR = YES;
				GCC_WARN_UNINITIALIZED_AUTOS = YES_AGGRESSIVE;
				GCC_WARN_UNUSED_FUNCTION = YES;
				GCC_WARN_UNUSED_VARIABLE = YES;
				IPHONEOS_DEPLOYMENT_TARGET = 17.0;
				LOCALIZATION_PREFERS_STRING_CATALOGS = YES;
				MTL_ENABLE_DEBUG_INFO = INCLUDE_SOURCE;
				MTL_FAST_MATH = YES;
				ONLY_ACTIVE_ARCH = YES;
				SDKROOT = iphoneos;
				SWIFT_ACTIVE_COMPILATION_CONDITIONS = "DEBUG $(inherited)";
				SWIFT_OPTIMIZATION_LEVEL = "-Onone";
			};
			name = Debug;
		};
		9B3FDD722B14E784008EC7F4 /* Release */ = {
			isa = XCBuildConfiguration;
			buildSettings = {
				ALWAYS_SEARCH_USER_PATHS = NO;
				ASSETCATALOG_COMPILER_GENERATE_SWIFT_ASSET_SYMBOL_EXTENSIONS = YES;
				CLANG_ANALYZER_NONNULL = YES;
				CLANG_ANALYZER_NUMBER_OBJECT_CONVERSION = YES_AGGRESSIVE;
				CLANG_CXX_LANGUAGE_STANDARD = "gnu++20";
				CLANG_ENABLE_MODULES = YES;
				CLANG_ENABLE_OBJC_ARC = YES;
				CLANG_ENABLE_OBJC_WEAK = YES;
				CLANG_WARN_BLOCK_CAPTURE_AUTORELEASING = YES;
				CLANG_WARN_BOOL_CONVERSION = YES;
				CLANG_WARN_COMMA = YES;
				CLANG_WARN_CONSTANT_CONVERSION = YES;
				CLANG_WARN_DEPRECATED_OBJC_IMPLEMENTATIONS = YES;
				CLANG_WARN_DIRECT_OBJC_ISA_USAGE = YES_ERROR;
				CLANG_WARN_DOCUMENTATION_COMMENTS = YES;
				CLANG_WARN_EMPTY_BODY = YES;
				CLANG_WARN_ENUM_CONVERSION = YES;
				CLANG_WARN_INFINITE_RECURSION = YES;
				CLANG_WARN_INT_CONVERSION = YES;
				CLANG_WARN_NON_LITERAL_NULL_CONVERSION = YES;
				CLANG_WARN_OBJC_IMPLICIT_RETAIN_SELF = YES;
				CLANG_WARN_OBJC_LITERAL_CONVERSION = YES;
				CLANG_WARN_OBJC_ROOT_CLASS = YES_ERROR;
				CLANG_WARN_QUOTED_INCLUDE_IN_FRAMEWORK_HEADER = YES;
				CLANG_WARN_RANGE_LOOP_ANALYSIS = YES;
				CLANG_WARN_STRICT_PROTOTYPES = YES;
				CLANG_WARN_SUSPICIOUS_MOVE = YES;
				CLANG_WARN_UNGUARDED_AVAILABILITY = YES_AGGRESSIVE;
				CLANG_WARN_UNREACHABLE_CODE = YES;
				CLANG_WARN__DUPLICATE_METHOD_MATCH = YES;
				COPY_PHASE_STRIP = NO;
				DEBUG_INFORMATION_FORMAT = "dwarf-with-dsym";
				ENABLE_NS_ASSERTIONS = NO;
				ENABLE_STRICT_OBJC_MSGSEND = YES;
				ENABLE_USER_SCRIPT_SANDBOXING = YES;
				GCC_C_LANGUAGE_STANDARD = gnu17;
				GCC_NO_COMMON_BLOCKS = YES;
				GCC_WARN_64_TO_32_BIT_CONVERSION = YES;
				GCC_WARN_ABOUT_RETURN_TYPE = YES_ERROR;
				GCC_WARN_UNDECLARED_SELECTOR = YES;
				GCC_WARN_UNINITIALIZED_AUTOS = YES_AGGRESSIVE;
				GCC_WARN_UNUSED_FUNCTION = YES;
				GCC_WARN_UNUSED_VARIABLE = YES;
				IPHONEOS_DEPLOYMENT_TARGET = 17.0;
				LOCALIZATION_PREFERS_STRING_CATALOGS = YES;
				MTL_ENABLE_DEBUG_INFO = NO;
				MTL_FAST_MATH = YES;
				SDKROOT = iphoneos;
				SWIFT_COMPILATION_MODE = wholemodule;
				VALIDATE_PRODUCT = YES;
			};
			name = Release;
		};
		9B3FDD742B14E784008EC7F4 /* Debug */ = {
			isa = XCBuildConfiguration;
			buildSettings = {
				ASSETCATALOG_COMPILER_APPICON_NAME = AppIcon;
				ASSETCATALOG_COMPILER_GLOBAL_ACCENT_COLOR_NAME = AccentColor;
				CODE_SIGN_STYLE = Automatic;
				CURRENT_PROJECT_VERSION = 1;
				DEVELOPMENT_TEAM = 437UL6869V;
				GENERATE_INFOPLIST_FILE = YES;
				INFOPLIST_FILE = Practicum_11/Info.plist;
				INFOPLIST_KEY_UIApplicationSupportsIndirectInputEvents = YES;
				INFOPLIST_KEY_UILaunchStoryboardName = LaunchScreen;
				INFOPLIST_KEY_UIMainStoryboardFile = Main;
				INFOPLIST_KEY_UISupportedInterfaceOrientations_iPad = "UIInterfaceOrientationPortrait UIInterfaceOrientationPortraitUpsideDown UIInterfaceOrientationLandscapeLeft UIInterfaceOrientationLandscapeRight";
				INFOPLIST_KEY_UISupportedInterfaceOrientations_iPhone = "UIInterfaceOrientationPortrait UIInterfaceOrientationLandscapeLeft UIInterfaceOrientationLandscapeRight";
				LD_RUNPATH_SEARCH_PATHS = (
					"$(inherited)",
					"@executable_path/Frameworks",
				);
				MARKETING_VERSION = 1.0;
				PRODUCT_BUNDLE_IDENTIFIER = "dsgnmike.Module-11-practicum";
				PRODUCT_NAME = "$(TARGET_NAME)";
				SWIFT_EMIT_LOC_STRINGS = YES;
				SWIFT_VERSION = 5.0;
				TARGETED_DEVICE_FAMILY = "1,2";
			};
			name = Debug;
		};
		9B3FDD752B14E784008EC7F4 /* Release */ = {
			isa = XCBuildConfiguration;
			buildSettings = {
				ASSETCATALOG_COMPILER_APPICON_NAME = AppIcon;
				ASSETCATALOG_COMPILER_GLOBAL_ACCENT_COLOR_NAME = AccentColor;
				CODE_SIGN_STYLE = Automatic;
				CURRENT_PROJECT_VERSION = 1;
				DEVELOPMENT_TEAM = 437UL6869V;
				GENERATE_INFOPLIST_FILE = YES;
				INFOPLIST_FILE = Practicum_11/Info.plist;
				INFOPLIST_KEY_UIApplicationSupportsIndirectInputEvents = YES;
				INFOPLIST_KEY_UILaunchStoryboardName = LaunchScreen;
				INFOPLIST_KEY_UIMainStoryboardFile = Main;
				INFOPLIST_KEY_UISupportedInterfaceOrientations_iPad = "UIInterfaceOrientationPortrait UIInterfaceOrientationPortraitUpsideDown UIInterfaceOrientationLandscapeLeft UIInterfaceOrientationLandscapeRight";
				INFOPLIST_KEY_UISupportedInterfaceOrientations_iPhone = "UIInterfaceOrientationPortrait UIInterfaceOrientationLandscapeLeft UIInterfaceOrientationLandscapeRight";
				LD_RUNPATH_SEARCH_PATHS = (
					"$(inherited)",
					"@executable_path/Frameworks",
				);
				MARKETING_VERSION = 1.0;
				PRODUCT_BUNDLE_IDENTIFIER = "dsgnmike.Module-11-practicum";
				PRODUCT_NAME = "$(TARGET_NAME)";
				SWIFT_EMIT_LOC_STRINGS = YES;
				SWIFT_VERSION = 5.0;
				TARGETED_DEVICE_FAMILY = "1,2";
			};
			name = Release;
		};
		9B3FDD812B14E7A6008EC7F4 /* Debug */ = {
			isa = XCBuildConfiguration;
			buildSettings = {
				BUNDLE_LOADER = "$(TEST_HOST)";
				CODE_SIGN_STYLE = Automatic;
				CURRENT_PROJECT_VERSION = 1;
				DEVELOPMENT_TEAM = 437UL6869V;
				GENERATE_INFOPLIST_FILE = YES;
				MARKETING_VERSION = 1.0;
				PRODUCT_BUNDLE_IDENTIFIER = "dsgnmike.Module-11-practicumTests";
				PRODUCT_NAME = "$(TARGET_NAME)";
				SWIFT_EMIT_LOC_STRINGS = NO;
				SWIFT_VERSION = 5.0;
				TARGETED_DEVICE_FAMILY = "1,2";
				TEST_HOST = "$(BUILT_PRODUCTS_DIR)/Practicum_11.app/$(BUNDLE_EXECUTABLE_FOLDER_PATH)/Practicum_11";
			};
			name = Debug;
		};
		9B3FDD822B14E7A6008EC7F4 /* Release */ = {
			isa = XCBuildConfiguration;
			buildSettings = {
				BUNDLE_LOADER = "$(TEST_HOST)";
				CODE_SIGN_STYLE = Automatic;
				CURRENT_PROJECT_VERSION = 1;
				DEVELOPMENT_TEAM = 437UL6869V;
				GENERATE_INFOPLIST_FILE = YES;
				MARKETING_VERSION = 1.0;
				PRODUCT_BUNDLE_IDENTIFIER = "dsgnmike.Module-11-practicumTests";
				PRODUCT_NAME = "$(TARGET_NAME)";
				SWIFT_EMIT_LOC_STRINGS = NO;
				SWIFT_VERSION = 5.0;
				TARGETED_DEVICE_FAMILY = "1,2";
				TEST_HOST = "$(BUILT_PRODUCTS_DIR)/Practicum_11.app/$(BUNDLE_EXECUTABLE_FOLDER_PATH)/Practicum_11";
			};
			name = Release;
		};
/* End XCBuildConfiguration section */

/* Begin XCConfigurationList section */
		9B3FDD5A2B14E784008EC7F4 /* Build configuration list for PBXProject "Practicum_11" */ = {
			isa = XCConfigurationList;
			buildConfigurations = (
				9B3FDD712B14E784008EC7F4 /* Debug */,
				9B3FDD722B14E784008EC7F4 /* Release */,
			);
			defaultConfigurationIsVisible = 0;
			defaultConfigurationName = Release;
		};
		9B3FDD732B14E784008EC7F4 /* Build configuration list for PBXNativeTarget "Practicum_11" */ = {
			isa = XCConfigurationList;
			buildConfigurations = (
				9B3FDD742B14E784008EC7F4 /* Debug */,
				9B3FDD752B14E784008EC7F4 /* Release */,
			);
			defaultConfigurationIsVisible = 0;
			defaultConfigurationName = Release;
		};
		9B3FDD802B14E7A6008EC7F4 /* Build configuration list for PBXNativeTarget "Practicum_11Tests" */ = {
			isa = XCConfigurationList;
			buildConfigurations = (
				9B3FDD812B14E7A6008EC7F4 /* Debug */,
				9B3FDD822B14E7A6008EC7F4 /* Release */,
			);
			defaultConfigurationIsVisible = 0;
			defaultConfigurationName = Release;
		};
/* End XCConfigurationList section */
	};
	rootObject = 9B3FDD572B14E784008EC7F4 /* Project object */;
}
